
Microsoft Visual Studio Solution File, Format Version 12.00
# Visual Studio Version 17
VisualStudioVersion = 17.2.32616.157
MinimumVisualStudioVersion = 10.0.40219.1
Project("{9A19103F-16F7-4668-BE54-9A1E7A4F7556}") = "WebService.Financeiro", "WebService.Financeiro.csproj", "{869F5859-EB31-42AC-9779-8E159C9B875C}"
EndProject
Global
	GlobalSection(SolutionConfigurationPlatforms) = preSolution
		Debug|Any CPU = Debug|Any CPU
		Release|Any CPU = Release|Any CPU
	EndGlobalSection
	GlobalSection(ProjectConfigurationPlatforms) = postSolution
		{869F5859-EB31-42AC-9779-8E159C9B875C}.Debug|Any CPU.ActiveCfg = Debug|Any CPU
		{869F5859-EB31-42AC-9779-8E159C9B875C}.Debug|Any CPU.Build.0 = Debug|Any CPU
		{869F5859-EB31-42AC-9779-8E159C9B875C}.Release|Any CPU.ActiveCfg = Release|Any CPU
		{869F5859-EB31-42AC-9779-8E159C9B875C}.Release|Any CPU.Build.0 = Release|Any CPU
	EndGlobalSection
	GlobalSection(SolutionProperties) = preSolution
		HideSolutionNode = FALSE
	EndGlobalSection
	GlobalSection(ExtensibilityGlobals) = postSolution
		SolutionGuid = {1E697E9E-44BB-49E4-A91F-A56DC8C69381}
	EndGlobalSection
EndGlobal
